
Microsoft Visual Studio Solution File, Format Version 11.00
# Visual Studio 2010
Project("{FAE04EC0-301F-11D3-BF4B-00C04F79EFBC}") = "P2TZX", "P2TZX\P2TZX.csproj", "{583CD7C0-953D-4965-BEF3-5323D15C9E4D}"
EndProject
Global
	GlobalSection(SolutionConfigurationPlatforms) = preSolution
		Debug|x86 = Debug|x86
		Release|x86 = Release|x86
	EndGlobalSection
	GlobalSection(ProjectConfigurationPlatforms) = postSolution
		{583CD7C0-953D-4965-BEF3-5323D15C9E4D}.Debug|x86.ActiveCfg = Debug|x86
		{583CD7C0-953D-4965-BEF3-5323D15C9E4D}.Debug|x86.Build.0 = Debug|x86
		{583CD7C0-953D-4965-BEF3-5323D15C9E4D}.Release|x86.ActiveCfg = Release|x86
		{583CD7C0-953D-4965-BEF3-5323D15C9E4D}.Release|x86.Build.0 = Release|x86
	EndGlobalSection
	GlobalSection(SolutionProperties) = preSolution
		HideSolutionNode = FALSE
	EndGlobalSection
EndGlobal
